// !$*UTF8*$!
{
	archiveVersion = 1;
	classes = {
	};
	objectVersion = 46;
	objects = {

/* Begin PBXBuildFile section */
		F6FDCC2A1E49FE6000695D82 /* AppDelegate.swift in Sources */ = {isa = PBXBuildFile; fileRef = F6FDCC291E49FE6000695D82 /* AppDelegate.swift */; };
		F6FDCC2C1E49FE6000695D82 /* ViewController.swift in Sources */ = {isa = PBXBuildFile; fileRef = F6FDCC2B1E49FE6000695D82 /* ViewController.swift */; };
		F6FDCC2F1E49FE6000695D82 /* Main.storyboard in Resources */ = {isa = PBXBuildFile; fileRef = F6FDCC2D1E49FE6000695D82 /* Main.storyboard */; };
		F6FDCC311E49FE6000695D82 /* Assets.xcassets in Resources */ = {isa = PBXBuildFile; fileRef = F6FDCC301E49FE6000695D82 /* Assets.xcassets */; };
		F6FDCC341E49FE6000695D82 /* LaunchScreen.storyboard in Resources */ = {isa = PBXBuildFile; fileRef = F6FDCC321E49FE6000695D82 /* LaunchScreen.storyboard */; };
/* End PBXBuildFile section */

/* Begin PBXFileReference section */
		F6FDCC261E49FE6000695D82 /* first ios.app */ = {isa = PBXFileReference; explicitFileType = wrapper.application; includeInIndex = 0; path = "first ios.app"; sourceTree = BUILT_PRODUCTS_DIR; };
		F6FDCC291E49FE6000695D82 /* AppDelegate.swift */ = {isa = PBXFileReference; lastKnownFileType = sourcecode.swift; path = AppDelegate.swift; sourceTree = "<group>"; };
		F6FDCC2B1E49FE6000695D82 /* ViewController.swift */ = {isa = PBXFileReference; lastKnownFileType = sourcecode.swift; path = ViewController.swift; sourceTree = "<group>"; };
		F6FDCC2E1E49FE6000695D82 /* Base */ = {isa = PBXFileReference; lastKnownFileType = file.storyboard; name = Base; path = Base.lproj/Main.storyboard; sourceTree = "<group>"; };
		F6FDCC301E49FE6000695D82 /* Assets.xcassets */ = {isa = PBXFileReference; lastKnownFileType = folder.assetcatalog; path = Assets.xcassets; sourceTree = "<group>"; };
		F6FDCC331E49FE6000695D82 /* Base */ = {isa = PBXFileReference; lastKnownFileType = file.storyboard; name = Base; path = Base.lproj/LaunchScreen.storyboard; sourceTree = "<group>"; };
		F6FDCC351E49FE6000695D82 /* Info.plist */ = {isa = PBXFileReference; lastKnownFileType = text.plist.xml; path = Info.plist; sourceTree = "<group>"; };
/* End PBXFileReference section */

/* Begin PBXFrameworksBuildPhase section */
		F6FDCC231E49FE6000695D82 /* Frameworks */ = {
			isa = PBXFrameworksBuildPhase;
			buildActionMask = 2147483647;
			files = (
			);
			runOnlyForDeploymentPostprocessing = 0;
		};
/* End PBXFrameworksBuildPhase section */

/* Begin PBXGroup section */
		F6FDCC1D1E49FE6000695D82 = {
			isa = PBXGroup;
			children = (
				F6FDCC281E49FE6000695D82 /* first ios */,
				F6FDCC271E49FE6000695D82 /* Products */,
			);
			sourceTree = "<group>";
		};
		F6FDCC271E49FE6000695D82 /* Products */ = {
			isa = PBXGroup;
			children = (
				F6FDCC261E49FE6000695D82 /* first ios.app */,
			);
			name = Products;
			sourceTree = "<group>";
		};
		F6FDCC281E49FE6000695D82 /* first ios */ = {
			isa = PBXGroup;
			children = (
				F6FDCC291E49FE6000695D82 /* AppDelegate.swift */,
				F6FDCC2B1E49FE6000695D82 /* ViewController.swift */,
				F6FDCC2D1E49FE6000695D82 /* Main.storyboard */,
				F6FDCC301E49FE6000695D82 /* Assets.xcassets */,
				F6FDCC321E49FE6000695D82 /* LaunchScreen.storyboard */,
				F6FDCC351E49FE6000695D82 /* Info.plist */,
			);
			path = "first ios";
			sourceTree = "<group>";
		};
/* End PBXGroup section */

/* Begin PBXNativeTarget section */
		F6FDCC251E49FE6000695D82 /* first ios */ = {
			isa = PBXNativeTarget;
			buildConfigurationList = F6FDCC381E49FE6000695D82 /* Build configuration list for PBXNativeTarget "first ios" */;
			buildPhases = (
				F6FDCC221E49FE6000695D82 /* Sources */,
				F6FDCC231E49FE6000695D82 /* Frameworks */,
				F6FDCC241E49FE6000695D82 /* Resources */,
			);
			buildRules = (
			);
			dependencies = (
			);
			name = "first ios";
			productName = "first ios";
			productReference = F6FDCC261E49FE6000695D82 /* first ios.app */;
			productType = "com.apple.product-type.application";
		};
/* End PBXNativeTarget section */

/* Begin PBXProject section */
		F6FDCC1E1E49FE6000695D82 /* Project object */ = {
			isa = PBXProject;
			attributes = {
				LastSwiftUpdateCheck = 0820;
				LastUpgradeCheck = 0820;
				ORGANIZATIONNAME = "ellen wei";
				TargetAttributes = {
					F6FDCC251E49FE6000695D82 = {
						CreatedOnToolsVersion = 8.2.1;
						ProvisioningStyle = Automatic;
					};
				};
			};
			buildConfigurationList = F6FDCC211E49FE6000695D82 /* Build configuration list for PBXProject "first ios" */;
			compatibilityVersion = "Xcode 3.2";
			developmentRegion = English;
			hasScannedForEncodings = 0;
			knownRegions = (
				en,
				Base,
			);
			mainGroup = F6FDCC1D1E49FE6000695D82;
			productRefGroup = F6FDCC271E49FE6000695D82 /* Products */;
			projectDirPath = "";
			projectRoot = "";
			targets = (
				F6FDCC251E49FE6000695D82 /* first ios */,
			);
		};
/* End PBXProject section */

/* Begin PBXResourcesBuildPhase section */
		F6FDCC241E49FE6000695D82 /* Resources */ = {
			isa = PBXResourcesBuildPhase;
			buildActionMask = 2147483647;
			files = (
				F6FDCC341E49FE6000695D82 /* LaunchScreen.storyboard in Resources */,
				F6FDCC311E49FE6000695D82 /* Assets.xcassets in Resources */,
				F6FDCC2F1E49FE6000695D82 /* Main.storyboard in Resources */,
			);
			runOnlyForDeploymentPostprocessing = 0;
		};
/* End PBXResourcesBuildPhase section */

/* Begin PBXSourcesBuildPhase section */
		F6FDCC221E49FE6000695D82 /* Sources */ = {
			isa = PBXSourcesBuildPhase;
			buildActionMask = 2147483647;
			files = (
				F6FDCC2C1E49FE6000695D82 /* ViewController.swift in Sources */,
				F6FDCC2A1E49FE6000695D82 /* AppDelegate.swift in Sources */,
			);
			runOnlyForDeploymentPostprocessing = 0;
		};
/* End PBXSourcesBuildPhase section */

/* Begin PBXVariantGroup section */
		F6FDCC2D1E49FE6000695D82 /* Main.storyboard */ = {
			isa = PBXVariantGroup;
			children = (
				F6FDCC2E1E49FE6000695D82 /* Base */,
			);
			name = Main.storyboard;
			sourceTree = "<group>";
		};
		F6FDCC321E49FE6000695D82 /* LaunchScreen.storyboard */ = {
			isa = PBXVariantGroup;
			children = (
				F6FDCC331E49FE6000695D82 /* Base */,
			);
			name = LaunchScreen.storyboard;
			sourceTree = "<group>";
		};
/* End PBXVariantGroup section */

/* Begin XCBuildConfiguration section */
		F6FDCC361E49FE6000695D82 /* Debug */ = {
			isa = XCBuildConfiguration;
			buildSettings = {
				ALWAYS_SEARCH_USER_PATHS = NO;
				CLANG_ANALYZER_NONNULL = YES;
				CLANG_CXX_LANGUAGE_STANDARD = "gnu++0x";
				CLANG_CXX_LIBRARY = "libc++";
				CLANG_ENABLE_MODULES = YES;
				CLANG_ENABLE_OBJC_ARC = YES;
				CLANG_WARN_BOOL_CONVERSION = YES;
				CLANG_WARN_CONSTANT_CONVERSION = YES;
				CLANG_WARN_DIRECT_OBJC_ISA_USAGE = YES_ERROR;
				CLANG_WARN_DOCUMENTATION_COMMENTS = YES;
				CLANG_WARN_EMPTY_BODY = YES;
				CLANG_WARN_ENUM_CONVERSION = YES;
				CLANG_WARN_INFINITE_RECURSION = YES;
				CLANG_WARN_INT_CONVERSION = YES;
				CLANG_WARN_OBJC_ROOT_CLASS = YES_ERROR;
				CLANG_WARN_SUSPICIOUS_MOVE = YES;
				CLANG_WARN_UNREACHABLE_CODE = YES;
				CLANG_WARN__DUPLICATE_METHOD_MATCH = YES;
				"CODE_SIGN_IDENTITY[sdk=iphoneos*]" = "iPhone Developer";
				COPY_PHASE_STRIP = NO;
				DEBUG_INFORMATION_FORMAT = dwarf;
				ENABLE_STRICT_OBJC_MSGSEND = YES;
				ENABLE_TESTABILITY = YES;
				GCC_C_LANGUAGE_STANDARD = gnu99;
				GCC_DYNAMIC_NO_PIC = NO;
				GCC_NO_COMMON_BLOCKS = YES;
				GCC_OPTIMIZATION_LEVEL = 0;
				GCC_PREPROCESSOR_DEFINITIONS = (
					"DEBUG=1",
					"$(inherited)",
				);
				GCC_WARN_64_TO_32_BIT_CONVERSION = YES;
				GCC_WARN_ABOUT_RETURN_TYPE = YES_ERROR;
				GCC_WARN_UNDECLARED_SELECTOR = YES;
				GCC_WARN_UNINITIALIZED_AUTOS = YES_AGGRESSIVE;
				GCC_WARN_UNUSED_FUNCTION = YES;
				GCC_WARN_UNUSED_VARIABLE = YES;
				IPHONEOS_DEPLOYMENT_TARGET = 10.2;
				MTL_ENABLE_DEBUG_INFO = YES;
				ONLY_ACTIVE_ARCH = YES;
				SDKROOT = iphoneos;
				SWIFT_ACTIVE_COMPILATION_CONDITIONS = DEBUG;
				SWIFT_OPTIMIZATION_LEVEL = "-Onone";
			};
			name = Debug;
		};
		F6FDCC371E49FE6000695D82 /* Release */ = {
			isa = XCBuildConfiguration;
			buildSettings = {
				ALWAYS_SEARCH_USER_PATHS = NO;
				CLANG_ANALYZER_NONNULL = YES;
				CLANG_CXX_LANGUAGE_STANDARD = "gnu++0x";
				CLANG_CXX_LIBRARY = "libc++";
				CLANG_ENABLE_MODULES = YES;
				CLANG_ENABLE_OBJC_ARC = YES;
				CLANG_WARN_BOOL_CONVERSION = YES;
				CLANG_WARN_CONSTANT_CONVERSION = YES;
				CLANG_WARN_DIRECT_OBJC_ISA_USAGE = YES_ERROR;
				CLANG_WARN_DOCUMENTATION_COMMENTS = YES;
				CLANG_WARN_EMPTY_BODY = YES;
				CLANG_WARN_ENUM_CONVERSION = YES;
				CLANG_WARN_INFINITE_RECURSION = YES;
				CLANG_WARN_INT_CONVERSION = YES;
				CLANG_WARN_OBJC_ROOT_CLASS = YES_ERROR;
				CLANG_WARN_SUSPICIOUS_MOVE = YES;
				CLANG_WARN_UNREACHABLE_CODE = YES;
				CLANG_WARN__DUPLICATE_METHOD_MATCH = YES;
				"CODE_SIGN_IDENTITY[sdk=iphoneos*]" = "iPhone Developer";
				COPY_PHASE_STRIP = NO;
				DEBUG_INFORMATION_FORMAT = "dwarf-with-dsym";
				ENABLE_NS_ASSERTIONS = NO;
				ENABLE_STRICT_OBJC_MSGSEND = YES;
				GCC_C_LANGUAGE_STANDARD = gnu99;
				GCC_NO_COMMON_BLOCKS = YES;
				GCC_WARN_64_TO_32_BIT_CONVERSION = YES;
				GCC_WARN_ABOUT_RETURN_TYPE = YES_ERROR;
				GCC_WARN_UNDECLARED_SELECTOR = YES;
				GCC_WARN_UNINITIALIZED_AUTOS = YES_AGGRESSIVE;
				GCC_WARN_UNUSED_FUNCTION = YES;
				GCC_WARN_UNUSED_VARIABLE = YES;
				IPHONEOS_DEPLOYMENT_TARGET = 10.2;
				MTL_ENABLE_DEBUG_INFO = NO;
				SDKROOT = iphoneos;
				SWIFT_OPTIMIZATION_LEVEL = "-Owholemodule";
				VALIDATE_PRODUCT = YES;
			};
			name = Release;
		};
		F6FDCC391E49FE6000695D82 /* Debug */ = {
			isa = XCBuildConfiguration;
			buildSettings = {
				ASSETCATALOG_COMPILER_APPICON_NAME = AppIcon;
				INFOPLIST_FILE = "first ios/Info.plist";
				IPHONEOS_DEPLOYMENT_TARGET = 10.2;
				LD_RUNPATH_SEARCH_PATHS = "$(inherited) @executable_path/Frameworks";
				PRODUCT_BUNDLE_IDENTIFIER = "com.ellenwei.first-ios";
				PRODUCT_NAME = "$(TARGET_NAME)";
				SWIFT_VERSION = 3.0;
			};
			name = Debug;
		};
		F6FDCC3A1E49FE6000695D82 /* Release */ = {
			isa = XCBuildConfiguration;
			buildSettings = {
				ASSETCATALOG_COMPILER_APPICON_NAME = AppIcon;
				INFOPLIST_FILE = "first ios/Info.plist";
				IPHONEOS_DEPLOYMENT_TARGET = 10.2;
				LD_RUNPATH_SEARCH_PATHS = "$(inherited) @executable_path/Frameworks";
				PRODUCT_BUNDLE_IDENTIFIER = "com.ellenwei.first-ios";
				PRODUCT_NAME = "$(TARGET_NAME)";
				SWIFT_VERSION = 3.0;
			};
			name = Release;
		};
/* End XCBuildConfiguration section */

/* Begin XCConfigurationList section */
		F6FDCC211E49FE6000695D82 /* Build configuration list for PBXProject "first ios" */ = {
			isa = XCConfigurationList;
			buildConfigurations = (
				F6FDCC361E49FE6000695D82 /* Debug */,
				F6FDCC371E49FE6000695D82 /* Release */,
			);
			defaultConfigurationIsVisible = 0;
			defaultConfigurationName = Release;
		};
		F6FDCC381E49FE6000695D82 /* Build configuration list for PBXNativeTarget "first ios" */ = {
			isa = XCConfigurationList;
			buildConfigurations = (
				F6FDCC391E49FE6000695D82 /* Debug */,
				F6FDCC3A1E49FE6000695D82 /* Release */,
			);
			defaultConfigurationIsVisible = 0;
			defaultConfigurationName = Release;
		};
/* End XCConfigurationList section */
	};
	rootObject = F6FDCC1E1E49FE6000695D82 /* Project object */;
}
